
Microsoft Visual Studio Solution File, Format Version 12.00
# Visual Studio Version 17
VisualStudioVersion = 17.11.35312.102
MinimumVisualStudioVersion = 10.0.40219.1
Project("{FAE04EC0-301F-11D3-BF4B-00C04F79EFBC}") = "MVC", "MVC\MVC.csproj", "{FC746D69-4DCB-4848-9835-237AC7DBB62F}"
EndProject
Project("{FAE04EC0-301F-11D3-BF4B-00C04F79EFBC}") = "BLL", "BLL\BLL.csproj", "{1CFAE9FE-A642-4C9D-9C94-67DB5A91EF0B}"
EndProject
Global
	GlobalSection(SolutionConfigurationPlatforms) = preSolution
		Debug|Any CPU = Debug|Any CPU
		Release|Any CPU = Release|Any CPU
	EndGlobalSection
	GlobalSection(ProjectConfigurationPlatforms) = postSolution
		{FC746D69-4DCB-4848-9835-237AC7DBB62F}.Debug|Any CPU.ActiveCfg = Debug|Any CPU
		{FC746D69-4DCB-4848-9835-237AC7DBB62F}.Debug|Any CPU.Build.0 = Debug|Any CPU
		{FC746D69-4DCB-4848-9835-237AC7DBB62F}.Release|Any CPU.ActiveCfg = Release|Any CPU
		{FC746D69-4DCB-4848-9835-237AC7DBB62F}.Release|Any CPU.Build.0 = Release|Any CPU
		{1CFAE9FE-A642-4C9D-9C94-67DB5A91EF0B}.Debug|Any CPU.ActiveCfg = Debug|Any CPU
		{1CFAE9FE-A642-4C9D-9C94-67DB5A91EF0B}.Debug|Any CPU.Build.0 = Debug|Any CPU
		{1CFAE9FE-A642-4C9D-9C94-67DB5A91EF0B}.Release|Any CPU.ActiveCfg = Release|Any CPU
		{1CFAE9FE-A642-4C9D-9C94-67DB5A91EF0B}.Release|Any CPU.Build.0 = Release|Any CPU
	EndGlobalSection
	GlobalSection(SolutionProperties) = preSolution
		HideSolutionNode = FALSE
	EndGlobalSection
	GlobalSection(ExtensibilityGlobals) = postSolution
		SolutionGuid = {085F7720-A6F8-4D61-AAB4-84E019420620}
	EndGlobalSection
EndGlobal
